
Microsoft Visual Studio Solution File, Format Version 12.00
Project("{FAE04EC0-301F-11D3-BF4B-00C04F79EFBC}") = "WebApi", "WebApi\WebApi.csproj", "{AC26330A-2314-4277-8D59-223BB7CC1900}"
EndProject
Project("{FAE04EC0-301F-11D3-BF4B-00C04F79EFBC}") = "Domain", "Domain\Domain.csproj", "{FFDCA4E6-5B99-4D35-A945-F80CEF387A8B}"
EndProject
Project("{FAE04EC0-301F-11D3-BF4B-00C04F79EFBC}") = "Application", "Application\Application.csproj", "{E50A6BAA-C2E7-47BE-91F5-5E16905D0242}"
EndProject
Project("{FAE04EC0-301F-11D3-BF4B-00C04F79EFBC}") = "Infrastructure", "Infrastructure\Infrastructure.csproj", "{69CE7A6F-41AE-4EB4-A7BF-00D86BAD075B}"
EndProject
Project("{FAE04EC0-301F-11D3-BF4B-00C04F79EFBC}") = "UnitTests", "UnitTests\UnitTests.csproj", "{3A90CDAE-91A0-445C-B6F9-EED4BB0E3C9C}"
EndProject
Project("{2150E333-8FDC-42A3-9474-1A3956D46DE8}") = "src", "src", "{365D01AB-00F5-4DCF-A71B-3B6184879C29}"
EndProject
Project("{2150E333-8FDC-42A3-9474-1A3956D46DE8}") = "tests", "tests", "{78234F3F-E7EC-4BE9-B3AC-635C2565C0F3}"
EndProject
Global
	GlobalSection(SolutionConfigurationPlatforms) = preSolution
		Debug|Any CPU = Debug|Any CPU
		Release|Any CPU = Release|Any CPU
	EndGlobalSection
	GlobalSection(ProjectConfigurationPlatforms) = postSolution
		{AC26330A-2314-4277-8D59-223BB7CC1900}.Debug|Any CPU.ActiveCfg = Debug|Any CPU
		{AC26330A-2314-4277-8D59-223BB7CC1900}.Debug|Any CPU.Build.0 = Debug|Any CPU
		{AC26330A-2314-4277-8D59-223BB7CC1900}.Release|Any CPU.ActiveCfg = Release|Any CPU
		{AC26330A-2314-4277-8D59-223BB7CC1900}.Release|Any CPU.Build.0 = Release|Any CPU
		{FFDCA4E6-5B99-4D35-A945-F80CEF387A8B}.Debug|Any CPU.ActiveCfg = Debug|Any CPU
		{FFDCA4E6-5B99-4D35-A945-F80CEF387A8B}.Debug|Any CPU.Build.0 = Debug|Any CPU
		{FFDCA4E6-5B99-4D35-A945-F80CEF387A8B}.Release|Any CPU.ActiveCfg = Release|Any CPU
		{FFDCA4E6-5B99-4D35-A945-F80CEF387A8B}.Release|Any CPU.Build.0 = Release|Any CPU
		{E50A6BAA-C2E7-47BE-91F5-5E16905D0242}.Debug|Any CPU.ActiveCfg = Debug|Any CPU
		{E50A6BAA-C2E7-47BE-91F5-5E16905D0242}.Debug|Any CPU.Build.0 = Debug|Any CPU
		{E50A6BAA-C2E7-47BE-91F5-5E16905D0242}.Release|Any CPU.ActiveCfg = Release|Any CPU
		{E50A6BAA-C2E7-47BE-91F5-5E16905D0242}.Release|Any CPU.Build.0 = Release|Any CPU
		{69CE7A6F-41AE-4EB4-A7BF-00D86BAD075B}.Debug|Any CPU.ActiveCfg = Debug|Any CPU
		{69CE7A6F-41AE-4EB4-A7BF-00D86BAD075B}.Debug|Any CPU.Build.0 = Debug|Any CPU
		{69CE7A6F-41AE-4EB4-A7BF-00D86BAD075B}.Release|Any CPU.ActiveCfg = Release|Any CPU
		{69CE7A6F-41AE-4EB4-A7BF-00D86BAD075B}.Release|Any CPU.Build.0 = Release|Any CPU
		{3A90CDAE-91A0-445C-B6F9-EED4BB0E3C9C}.Debug|Any CPU.ActiveCfg = Debug|Any CPU
		{3A90CDAE-91A0-445C-B6F9-EED4BB0E3C9C}.Debug|Any CPU.Build.0 = Debug|Any CPU
		{3A90CDAE-91A0-445C-B6F9-EED4BB0E3C9C}.Release|Any CPU.ActiveCfg = Release|Any CPU
		{3A90CDAE-91A0-445C-B6F9-EED4BB0E3C9C}.Release|Any CPU.Build.0 = Release|Any CPU
	EndGlobalSection
	GlobalSection(NestedProjects) = preSolution
		{E50A6BAA-C2E7-47BE-91F5-5E16905D0242} = {365D01AB-00F5-4DCF-A71B-3B6184879C29}
		{FFDCA4E6-5B99-4D35-A945-F80CEF387A8B} = {365D01AB-00F5-4DCF-A71B-3B6184879C29}
		{69CE7A6F-41AE-4EB4-A7BF-00D86BAD075B} = {365D01AB-00F5-4DCF-A71B-3B6184879C29}
		{AC26330A-2314-4277-8D59-223BB7CC1900} = {365D01AB-00F5-4DCF-A71B-3B6184879C29}
		{3A90CDAE-91A0-445C-B6F9-EED4BB0E3C9C} = {78234F3F-E7EC-4BE9-B3AC-635C2565C0F3}
	EndGlobalSection
EndGlobal
